dependencies:
- name: mongodb
  repository: https://charts.bitnami.com/bitnami
  version: 14.12.1
- name: redis
  repository: https://charts.bitnami.com/bitnami
  version: 18.19.1
- name: rabbitmq
  repository: https://charts.bitnami.com/bitnami
  version: 13.0.1
digest: sha256:50b5be0427d397f5e213562c8ca612e70c786d643497101c5c5f0aeb1dee7889
generated: "2025-11-03T16:50:06.497469-03:00"
