dependencies:
- name: mongodb
  repository: https://charts.bitnami.com/bitnami
  version: 18.1.10
- name: redis
  repository: https://charts.bitnami.com/bitnami
  version: 24.0.0
- name: rabbitmq
  repository: https://charts.bitnami.com/bitnami
  version: 16.0.14
digest: sha256:4b711b50694550af2155bef4e11477e19d17f4def5e0b70ad9b3ddf5bdeecb6d
generated: "2025-11-30T14:31:17.882318-03:00"
